
Microsoft Visual Studio Solution File, Format Version 12.00
# Visual Studio Version 16
VisualStudioVersion = 16.0.29102.190
MinimumVisualStudioVersion = 10.0.40219.1
Project("{FAE04EC0-301F-11D3-BF4B-00C04F79EFBC}") = "FunctionApp1", "FunctionApp1\FunctionApp1.csproj", "{C3F0CA00-6295-44B5-A0D1-C16816C959EA}"
EndProject
Global
	GlobalSection(SolutionConfigurationPlatforms) = preSolution
		Debug|Any CPU = Debug|Any CPU
		Release|Any CPU = Release|Any CPU
	EndGlobalSection
	GlobalSection(ProjectConfigurationPlatforms) = postSolution
		{C3F0CA00-6295-44B5-A0D1-C16816C959EA}.Debug|Any CPU.ActiveCfg = Debug|Any CPU
		{C3F0CA00-6295-44B5-A0D1-C16816C959EA}.Debug|Any CPU.Build.0 = Debug|Any CPU
		{C3F0CA00-6295-44B5-A0D1-C16816C959EA}.Release|Any CPU.ActiveCfg = Release|Any CPU
		{C3F0CA00-6295-44B5-A0D1-C16816C959EA}.Release|Any CPU.Build.0 = Release|Any CPU
	EndGlobalSection
	GlobalSection(SolutionProperties) = preSolution
		HideSolutionNode = FALSE
	EndGlobalSection
	GlobalSection(ExtensibilityGlobals) = postSolution
		SolutionGuid = {C48F0BF6-84E4-4BE3-B956-BD2A481E5E1F}
	EndGlobalSection
EndGlobal
